
Microsoft Visual Studio Solution File, Format Version 12.00
# Visual Studio Version 16
VisualStudioVersion = 16.0.28917.181
MinimumVisualStudioVersion = 10.0.40219.1
Project("{9A19103F-16F7-4668-BE54-9A1E7A4F7556}") = "AdminWebApi", "AdminWebApi\AdminWebApi.csproj", "{B2233C6D-4540-4937-8550-6D9CD006A485}"
EndProject
Project("{9A19103F-16F7-4668-BE54-9A1E7A4F7556}") = "CommonWebApi", "CommonWebApi\CommonWebApi.csproj", "{C26BC328-A99A-4BC8-9294-DBE47E9C429D}"
EndProject
Project("{2150E333-8FDC-42A3-9474-1A3956D46DE8}") = "WebApi", "WebApi", "{2DE9D6A1-B254-40BF-9488-0CCEB8B20BEC}"
EndProject
Project("{9A19103F-16F7-4668-BE54-9A1E7A4F7556}") = "DataAccess", "DataAccess\DataAccess.csproj", "{907827AE-6B74-48B7-AAFC-77596A566BDB}"
EndProject
Project("{9A19103F-16F7-4668-BE54-9A1E7A4F7556}") = "BusinessLogic", "BusinessLogic\BusinessLogic.csproj", "{FA2846C5-14AA-4B32-A507-E31C152DD4BE}"
EndProject
Project("{9A19103F-16F7-4668-BE54-9A1E7A4F7556}") = "DTO", "DTO\DTO.csproj", "{C35E402B-FF74-4D1D-94AC-FD42725B2A0F}"
EndProject
Project("{9A19103F-16F7-4668-BE54-9A1E7A4F7556}") = "Common", "Common\Common.csproj", "{1BAE6DDA-D163-4F0B-8FE7-D734FD2C42B6}"
EndProject
Project("{FAE04EC0-301F-11D3-BF4B-00C04F79EFBC}") = "WebClient", "WebClient\WebClient.csproj", "{27FA8EFE-DFAE-4EEF-84D9-09DE6ADE1654}"
EndProject
Global
	GlobalSection(SolutionConfigurationPlatforms) = preSolution
		Debug|Any CPU = Debug|Any CPU
		Release|Any CPU = Release|Any CPU
	EndGlobalSection
	GlobalSection(ProjectConfigurationPlatforms) = postSolution
		{B2233C6D-4540-4937-8550-6D9CD006A485}.Debug|Any CPU.ActiveCfg = Debug|Any CPU
		{B2233C6D-4540-4937-8550-6D9CD006A485}.Debug|Any CPU.Build.0 = Debug|Any CPU
		{B2233C6D-4540-4937-8550-6D9CD006A485}.Release|Any CPU.ActiveCfg = Release|Any CPU
		{B2233C6D-4540-4937-8550-6D9CD006A485}.Release|Any CPU.Build.0 = Release|Any CPU
		{C26BC328-A99A-4BC8-9294-DBE47E9C429D}.Debug|Any CPU.ActiveCfg = Debug|Any CPU
		{C26BC328-A99A-4BC8-9294-DBE47E9C429D}.Debug|Any CPU.Build.0 = Debug|Any CPU
		{C26BC328-A99A-4BC8-9294-DBE47E9C429D}.Release|Any CPU.ActiveCfg = Release|Any CPU
		{C26BC328-A99A-4BC8-9294-DBE47E9C429D}.Release|Any CPU.Build.0 = Release|Any CPU
		{907827AE-6B74-48B7-AAFC-77596A566BDB}.Debug|Any CPU.ActiveCfg = Debug|Any CPU
		{907827AE-6B74-48B7-AAFC-77596A566BDB}.Debug|Any CPU.Build.0 = Debug|Any CPU
		{907827AE-6B74-48B7-AAFC-77596A566BDB}.Release|Any CPU.ActiveCfg = Release|Any CPU
		{907827AE-6B74-48B7-AAFC-77596A566BDB}.Release|Any CPU.Build.0 = Release|Any CPU
		{FA2846C5-14AA-4B32-A507-E31C152DD4BE}.Debug|Any CPU.ActiveCfg = Debug|Any CPU
		{FA2846C5-14AA-4B32-A507-E31C152DD4BE}.Debug|Any CPU.Build.0 = Debug|Any CPU
		{FA2846C5-14AA-4B32-A507-E31C152DD4BE}.Release|Any CPU.ActiveCfg = Release|Any CPU
		{FA2846C5-14AA-4B32-A507-E31C152DD4BE}.Release|Any CPU.Build.0 = Release|Any CPU
		{C35E402B-FF74-4D1D-94AC-FD42725B2A0F}.Debug|Any CPU.ActiveCfg = Debug|Any CPU
		{C35E402B-FF74-4D1D-94AC-FD42725B2A0F}.Debug|Any CPU.Build.0 = Debug|Any CPU
		{C35E402B-FF74-4D1D-94AC-FD42725B2A0F}.Release|Any CPU.ActiveCfg = Release|Any CPU
		{C35E402B-FF74-4D1D-94AC-FD42725B2A0F}.Release|Any CPU.Build.0 = Release|Any CPU
		{1BAE6DDA-D163-4F0B-8FE7-D734FD2C42B6}.Debug|Any CPU.ActiveCfg = Debug|Any CPU
		{1BAE6DDA-D163-4F0B-8FE7-D734FD2C42B6}.Debug|Any CPU.Build.0 = Debug|Any CPU
		{1BAE6DDA-D163-4F0B-8FE7-D734FD2C42B6}.Release|Any CPU.ActiveCfg = Release|Any CPU
		{1BAE6DDA-D163-4F0B-8FE7-D734FD2C42B6}.Release|Any CPU.Build.0 = Release|Any CPU
		{27FA8EFE-DFAE-4EEF-84D9-09DE6ADE1654}.Debug|Any CPU.ActiveCfg = Debug|Any CPU
		{27FA8EFE-DFAE-4EEF-84D9-09DE6ADE1654}.Debug|Any CPU.Build.0 = Debug|Any CPU
		{27FA8EFE-DFAE-4EEF-84D9-09DE6ADE1654}.Release|Any CPU.ActiveCfg = Release|Any CPU
		{27FA8EFE-DFAE-4EEF-84D9-09DE6ADE1654}.Release|Any CPU.Build.0 = Release|Any CPU
	EndGlobalSection
	GlobalSection(SolutionProperties) = preSolution
		HideSolutionNode = FALSE
	EndGlobalSection
	GlobalSection(NestedProjects) = preSolution
		{B2233C6D-4540-4937-8550-6D9CD006A485} = {2DE9D6A1-B254-40BF-9488-0CCEB8B20BEC}
		{C26BC328-A99A-4BC8-9294-DBE47E9C429D} = {2DE9D6A1-B254-40BF-9488-0CCEB8B20BEC}
	EndGlobalSection
	GlobalSection(ExtensibilityGlobals) = postSolution
		SolutionGuid = {0AC337AC-2F28-47C0-AB5E-000A1DBEBFEB}
	EndGlobalSection
EndGlobal
